<?xml version="1.0" encoding="utf-8"?>
<Project ToolsVersion="4.0" xmlns="http://schemas.microsoft.com/developer/msbuild/2003">
  <ItemGroup>
	<ClCompile Include="AssetManager.cpp">
	  <Filter>ソース ファイル\Engine</Filter>
	</ClCompile>
	<ClCompile Include="PrefabManager.cpp">
	  <Filter>ソース ファイル\Engine</Filter>
	</ClCompile>
	<ClCompile Include="PrefabInstanceComponent.cpp">
	  <Filter>ソース ファイル\Engine</Filter>
	</ClCompile>
	<ClCompile Include="PlayModeManager.cpp">
	  <Filter>ソース ファイル\Engine\Engine</Filter>
	</ClCompile>
    <ClCompile Include="CameraComponent.cpp">
      <Filter>ソース ファイル\Engine</Filter>
    </ClCompile>
    <Filter Include="ヘッダー ファイル">
      <UniqueIdentifier>{93995380-89BD-4b04-88EB-625FBE52EBFB}</UniqueIdentifier>
      <Extensions>h;hh;hpp;hxx;h++;hm;inl;inc;ipp;xsd</Extensions>
    </Filter>
    <Filter Include="リソース ファイル">
      <UniqueIdentifier>{67DA6AB6-F800-4c08-8B7A-83BB121AAD01}</UniqueIdentifier>
      <Extensions>rc;ico;cur;bmp;dlg;rc2;rct;bin;rgs;gif;jpg;jpeg;jpe;resx;tiff;tif;png;wav;mfcribbon-ms</Extensions>
    </Filter>
    <Filter Include="imgui">
      <UniqueIdentifier>{0c10f907-36d6-48ea-bdb7-9a9139ca5ce1}</UniqueIdentifier>
    </Filter>
    <Filter Include="ソース ファイル">
      <UniqueIdentifier>{30e66aa3-c895-4655-be78-e2ae3a2e6b7d}</UniqueIdentifier>
    </Filter>
    <Filter Include="ソース ファイル\Engine">
      <UniqueIdentifier>{4FC737F1-C7A5-4376-A066-2A32D752A2FF}</UniqueIdentifier>
      <Extensions>cpp;c;cc;cxx;c++;cppm;ixx;def;odl;idl;hpj;bat;asm;asmx</Extensions>
    </Filter>
    <Filter Include="ソース ファイル\Engine\Engine">
      <UniqueIdentifier>{0ae9ce73-8596-4879-a15d-616069946258}</UniqueIdentifier>
    </Filter>
    <Filter Include="ソース ファイル\Engine\Graphics">
      <UniqueIdentifier>{d456f271-db55-4ee6-90dd-16cb9ee988d3}</UniqueIdentifier>
    </Filter>
    <Filter Include="ソース ファイル\Engine\Math">
      <UniqueIdentifier>{51c6b26c-4ee1-419c-a50b-61e514631d37}</UniqueIdentifier>
    </Filter>
    <Filter Include="ソース ファイル\Engine\Shader">
      <UniqueIdentifier>{a3b1a331-a072-43e2-848c-f4a52b08f169}</UniqueIdentifier>
    </Filter>
    <Filter Include="ヘッダー ファイル\Engine">
      <UniqueIdentifier>{e24a1377-a883-47d7-a068-9e5f54f95628}</UniqueIdentifier>
    </Filter>
    <Filter Include="ヘッダー ファイル\Engine\Graphics">
      <UniqueIdentifier>{95bfbc3d-9295-4ab8-991d-63dfc4c90a18}</UniqueIdentifier>
    </Filter>
    <Filter Include="ヘッダー ファイル\Engine\Engine">
      <UniqueIdentifier>{d834d23f-c369-482c-91cf-5d925b6d7c01}</UniqueIdentifier>
    </Filter>
  </ItemGroup>
  <ItemGroup>
    <ClCompile Include="externals\imgui\imgui.cpp">
      <Filter>imgui</Filter>
    </ClCompile>
    <ClCompile Include="externals\imgui\imgui_demo.cpp">
      <Filter>imgui</Filter>
    </ClCompile>
    <ClCompile Include="externals\imgui\imgui_draw.cpp">
      <Filter>imgui</Filter>
    </ClCompile>
    <ClCompile Include="externals\imgui\imgui_impl_dx12.cpp">
      <Filter>imgui</Filter>
    </ClCompile>
    <ClCompile Include="externals\imgui\imgui_impl_win32.cpp">
      <Filter>imgui</Filter>
    </ClCompile>
    <ClCompile Include="externals\imgui\imgui_tables.cpp">
      <Filter>imgui</Filter>
    </ClCompile>
    <ClCompile Include="externals\imgui\imgui_widgets.cpp">
      <Filter>imgui</Filter>
    </ClCompile>
    <ClCompile Include="Engine.cpp">
      <Filter>ソース ファイル\Engine\Engine</Filter>
    </ClCompile>
    <ClCompile Include="Editor.cpp">
      <Filter>ソース ファイル\Engine</Filter>
    </ClCompile>
    <ClCompile Include="GameTimer.cpp">
      <Filter>ソース ファイル\Engine\Engine</Filter>
    </ClCompile>
    <ClCompile Include="GameObject.cpp">
      <Filter>ソース ファイル\Engine\Engine</Filter>
    </ClCompile>
    <ClCompile Include="Scene.cpp">
      <Filter>ソース ファイル\Engine\Engine</Filter>
    </ClCompile>
    <ClCompile Include="SceneSerializer.cpp">
      <Filter>ソース ファイル\Engine\Engine</Filter>
    </ClCompile>
    <ClCompile Include="TransformComponent.cpp">
      <Filter>ソース ファイル\Engine\Engine</Filter>
    </ClCompile>
    <ClCompile Include="Graphics.cpp">
      <Filter>ソース ファイル\Engine\Graphics</Filter>
    </ClCompile>
    <ClCompile Include="ShaderManager.cpp">
      <Filter>ソース ファイル\Engine\Graphics</Filter>
    </ClCompile>
    <ClCompile Include="Material.cpp">
      <Filter>ソース ファイル\Engine\Graphics</Filter>
    </ClCompile>
    <ClCompile Include="ShaderGraphEditor.cpp">
      <Filter>ソース ファイル\Engine\Graphics</Filter>
    </ClCompile>
    <ClCompile Include="LightingManager.cpp">
      <Filter>ソース ファイル\Engine\Graphics</Filter>
    </ClCompile>
    <ClCompile Include="DebugCamera.cpp">
      <Filter>ソース ファイル\Engine\Graphics</Filter>
    </ClCompile>
    <ClCompile Include="Matrix4x4.cpp">
      <Filter>ソース ファイル\Engine\Math</Filter>
    </ClCompile>
    <ClCompile Include="DirectXCommon.cpp">
      <Filter>ソース ファイル\Engine\Graphics</Filter>
    </ClCompile>
    <ClCompile Include="DX12Utility.cpp">
      <Filter>ソース ファイル\Engine\Graphics</Filter>
    </ClCompile>
    <ClCompile Include="DebugSelfTests.cpp">
      <Filter>ソース ファイル</Filter>
    </ClCompile>
    <ClCompile Include="PrimitiveDrawer.cpp">
      <Filter>ソース ファイル\Engine\Graphics</Filter>
    </ClCompile>
    <ClCompile Include="TextureManager.cpp">
      <Filter>ソース ファイル\Engine\Graphics</Filter>
    </ClCompile>
    <ClCompile Include="Sprite.cpp">
      <Filter>ソース ファイル\Engine\Graphics</Filter>
    </ClCompile>
    <ClCompile Include="AudioManager.cpp">
      <Filter>ソース ファイル\Engine</Filter>
    </ClCompile>
    <ClCompile Include="InputManager.cpp">
      <Filter>ソース ファイル\Engine</Filter>
    </ClCompile>
    <ClCompile Include="Model.cpp">
      <Filter>ソース ファイル\Engine</Filter>
    </ClCompile>
    <ClCompile Include="LightComponent.cpp">
      <Filter>ソース ファイル\Engine</Filter>
    </ClCompile>
    <ClCompile Include="ModelRendererComponent.cpp">
      <Filter>ソース ファイル\Engine</Filter>
    </ClCompile>
    <ClCompile Include="PrimitiveRendererComponent.cpp">
      <Filter>ソース ファイル\Engine</Filter>
    </ClCompile>
    <ClCompile Include="SpriteRendererComponent.cpp">
      <Filter>ソース ファイル\Engine</Filter>
    </ClCompile>
    <ClCompile Include="main.cpp">
      <Filter>ソース ファイル</Filter>
    </ClCompile>
    <ClCompile Include="SampleScene.cpp">
      <Filter>ソース ファイル</Filter>
    </ClCompile>
  </ItemGroup>
  <ItemGroup>
	<ClInclude Include="AssetManager.h">
	  <Filter>ヘッダー ファイル\Engine</Filter>
	</ClInclude>
	<ClInclude Include="PrefabManager.h">
	  <Filter>ヘッダー ファイル\Engine</Filter>
	</ClInclude>
	<ClInclude Include="PrefabInstanceComponent.h">
	  <Filter>ヘッダー ファイル\Engine</Filter>
	</ClInclude>
	<ClInclude Include="PlayModeManager.h">
	  <Filter>ヘッダー ファイル\Engine\Engine</Filter>
	</ClInclude>
    <ClInclude Include="CameraComponent.h">
      <Filter>ヘッダー ファイル\Engine\Engine</Filter>
    </ClInclude>
    <ClInclude Include="Matrix4x4.h">
      <Filter>ヘッダー ファイル</Filter>
    </ClInclude>
    <ClInclude Include="Vector3.h">
      <Filter>ヘッダー ファイル</Filter>
    </ClInclude>
    <ClInclude Include="externals\imgui\imconfig.h">
      <Filter>imgui</Filter>
    </ClInclude>
    <ClInclude Include="externals\imgui\imgui.h">
      <Filter>imgui</Filter>
    </ClInclude>
    <ClInclude Include="externals\imgui\imgui_impl_dx12.h">
      <Filter>imgui</Filter>
    </ClInclude>
    <ClInclude Include="externals\imgui\imgui_impl_win32.h">
      <Filter>imgui</Filter>
    </ClInclude>
    <ClInclude Include="externals\imgui\imgui_internal.h">
      <Filter>imgui</Filter>
    </ClInclude>
    <ClInclude Include="externals\imgui\imstb_rectpack.h">
      <Filter>imgui</Filter>
    </ClInclude>
    <ClInclude Include="externals\imgui\imstb_textedit.h">
      <Filter>imgui</Filter>
    </ClInclude>
    <ClInclude Include="externals\imgui\imstb_truetype.h">
      <Filter>imgui</Filter>
    </ClInclude>
    <ClInclude Include="CommonTypes.h">
      <Filter>ヘッダー ファイル\Engine\Graphics</Filter>
    </ClInclude>
    <ClInclude Include="DirectXCommon.h">
      <Filter>ヘッダー ファイル\Engine\Graphics</Filter>
    </ClInclude>
    <ClInclude Include="DX12Utility.h">
      <Filter>ヘッダー ファイル\Engine\Graphics</Filter>
    </ClInclude>
    <ClInclude Include="DebugSelfTests.h">
      <Filter>ヘッダー ファイル</Filter>
    </ClInclude>
    <ClInclude Include="Graphics.h">
      <Filter>ヘッダー ファイル\Engine\Graphics</Filter>
    </ClInclude>
    <ClInclude Include="ShaderManager.h">
      <Filter>ヘッダー ファイル\Engine\Graphics</Filter>
    </ClInclude>
    <ClInclude Include="Material.h">
      <Filter>ヘッダー ファイル\Engine\Graphics</Filter>
    </ClInclude>
    <ClInclude Include="ShaderGraphEditor.h">
      <Filter>ヘッダー ファイル\Engine\Graphics</Filter>
    </ClInclude>
    <ClInclude Include="LightingManager.h">
      <Filter>ヘッダー ファイル\Engine\Graphics</Filter>
    </ClInclude>
    <ClInclude Include="DebugCamera.h">
      <Filter>ヘッダー ファイル\Engine\Graphics</Filter>
    </ClInclude>
    <ClInclude Include="PrimitiveDrawer.h">
      <Filter>ヘッダー ファイル\Engine\Graphics</Filter>
    </ClInclude>
    <ClInclude Include="Sprite.h">
      <Filter>ヘッダー ファイル\Engine\Graphics</Filter>
    </ClInclude>
    <ClInclude Include="TextureManager.h">
      <Filter>ヘッダー ファイル\Engine\Graphics</Filter>
    </ClInclude>
    <ClInclude Include="Engine.h">
      <Filter>ヘッダー ファイル\Engine\Engine</Filter>
    </ClInclude>
    <ClInclude Include="Editor.h">
      <Filter>ヘッダー ファイル\Engine\Engine</Filter>
    </ClInclude>
    <ClInclude Include="GameTimer.h">
      <Filter>ヘッダー ファイル\Engine\Engine</Filter>
    </ClInclude>
    <ClInclude Include="LightComponent.h">
      <Filter>ヘッダー ファイル\Engine\Engine</Filter>
    </ClInclude>
    <ClInclude Include="Component.h">
      <Filter>ヘッダー ファイル\Engine\Engine</Filter>
    </ClInclude>
    <ClInclude Include="GameObject.h">
      <Filter>ヘッダー ファイル\Engine\Engine</Filter>
    </ClInclude>
    <ClInclude Include="Scene.h">
      <Filter>ヘッダー ファイル\Engine\Engine</Filter>
    </ClInclude>
    <ClInclude Include="SceneSerializer.h">
      <Filter>ヘッダー ファイル\Engine\Engine</Filter>
    </ClInclude>
    <ClInclude Include="TransformComponent.h">
      <Filter>ヘッダー ファイル\Engine\Engine</Filter>
    </ClInclude>
    <ClInclude Include="AudioManager.h">
      <Filter>ヘッダー ファイル</Filter>
    </ClInclude>
    <ClInclude Include="InputManager.h">
      <Filter>ヘッダー ファイル</Filter>
    </ClInclude>
    <ClInclude Include="Model.h">
      <Filter>ヘッダー ファイル</Filter>
    </ClInclude>
    <ClInclude Include="RendererComponent.h">
      <Filter>ヘッダー ファイル\Engine\Engine</Filter>
    </ClInclude>
    <ClInclude Include="ModelRendererComponent.h">
      <Filter>ヘッダー ファイル\Engine\Engine</Filter>
    </ClInclude>
    <ClInclude Include="PrimitiveRendererComponent.h">
      <Filter>ヘッダー ファイル\Engine\Engine</Filter>
    </ClInclude>
    <ClInclude Include="SpriteRendererComponent.h">
      <Filter>ヘッダー ファイル\Engine\Engine</Filter>
    </ClInclude>
    <ClInclude Include="SampleScene.h">
      <Filter>ヘッダー ファイル</Filter>
    </ClInclude>
  </ItemGroup>
  <ItemGroup>
    <FxCompile Include="Object3d.PS.hlsl">
      <Filter>ソース ファイル\Engine\Shader</Filter>
    </FxCompile>
    <FxCompile Include="Object3d.VS.hlsl">
      <Filter>ソース ファイル\Engine\Shader</Filter>
    </FxCompile>
  </ItemGroup>
  <ItemGroup>
    <Text Include="externals\imgui\LICENSE.txt" />
  </ItemGroup>
  <ItemGroup>
    <None Include="IMPLEMENTED_FEATURES.md" />
    <None Include="Object3d.hlsli">
      <Filter>ソース ファイル\Engine\Shader</Filter>
    </None>
    <None Include="ShadowMap.VS.hlsl">
      <Filter>ソース ファイル\Engine\Shader</Filter>
    </None>
    <None Include="ToneMapping.PS.hlsl">
      <Filter>ソース ファイル\Engine\Shader</Filter>
    </None>
    <None Include="ToneMapping.VS.hlsl">
      <Filter>ソース ファイル\Engine\Shader</Filter>
    </None>
    <None Include="Resources\Shaders\StandardObject3D.shader.json">
      <Filter>ソース ファイル\Engine\Shader</Filter>
    </None>
    <None Include="Resources\Shaders\UnlitTint.shader.json">
      <Filter>ソース ファイル\Engine\Shader</Filter>
    </None>
    <None Include="Resources\Shaders\UnlitTint.PS.hlsl">
      <Filter>ソース ファイル\Engine\Shader</Filter>
    </None>
    <None Include="Resources\Models\cube.obj" />
    <None Include="Resources\bgm.wav">
      <Filter>リソース ファイル</Filter>
    </None>
  </ItemGroup>
</Project>
